// !$*UTF8*$!
{
	archiveVersion = 1;
	classes = {
	};
	objectVersion = 56;
	objects = {

/* Begin PBXBuildFile section */
		C44FD1C62C4095EB004AA65F /* ForwardDeclaredSample.m in Sources */ = {isa = PBXBuildFile; fileRef = C44FD1C52C4095EB004AA65F /* ForwardDeclaredSample.m */; };
		C44FD1CA2C4098A6004AA65F /* ForwardDeclaredSample2.m in Sources */ = {isa = PBXBuildFile; fileRef = C44FD1C92C4098A6004AA65F /* ForwardDeclaredSample2.m */; };
		C44FD1CC2C409A40004AA65F /* ImportObjcForwardDeclarationsSample.swift in Sources */ = {isa = PBXBuildFile; fileRef = C44FD1CB2C409A40004AA65F /* ImportObjcForwardDeclarationsSample.swift */; };
		C4FEB75B2C3CF75E0058B9E5 /* UpcomingFeatureFlagsSampleApp.swift in Sources */ = {isa = PBXBuildFile; fileRef = C4FEB75A2C3CF75E0058B9E5 /* UpcomingFeatureFlagsSampleApp.swift */; };
		C4FEB75D2C3CF75E0058B9E5 /* ContentView.swift in Sources */ = {isa = PBXBuildFile; fileRef = C4FEB75C2C3CF75E0058B9E5 /* ContentView.swift */; };
		C4FEB75F2C3CF75F0058B9E5 /* Assets.xcassets in Resources */ = {isa = PBXBuildFile; fileRef = C4FEB75E2C3CF75F0058B9E5 /* Assets.xcassets */; };
		C4FEB7622C3CF75F0058B9E5 /* Preview Assets.xcassets in Resources */ = {isa = PBXBuildFile; fileRef = C4FEB7612C3CF75F0058B9E5 /* Preview Assets.xcassets */; };
		C4FEB78B2C3D51910058B9E5 /* ExistentialAnySample.swift in Sources */ = {isa = PBXBuildFile; fileRef = C4FEB78A2C3D51910058B9E5 /* ExistentialAnySample.swift */; };
		C4FEB7952C3E119B0058B9E5 /* UpcomingFeatureFlagsSampleTests.swift in Sources */ = {isa = PBXBuildFile; fileRef = C4FEB7942C3E119B0058B9E5 /* UpcomingFeatureFlagsSampleTests.swift */; };
		C4FEB79C2C3E11EA0058B9E5 /* ConciseMagicFileSample.swift in Sources */ = {isa = PBXBuildFile; fileRef = C4FEB79B2C3E11EA0058B9E5 /* ConciseMagicFileSample.swift */; };
		C4FEB79E2C3E51690058B9E5 /* RegexLiteralsSample.swift in Sources */ = {isa = PBXBuildFile; fileRef = C4FEB79D2C3E51690058B9E5 /* RegexLiteralsSample.swift */; };
		C4FEB7A02C3E5BFF0058B9E5 /* ForwardTrailingClosuresSample.swift in Sources */ = {isa = PBXBuildFile; fileRef = C4FEB79F2C3E5BFF0058B9E5 /* ForwardTrailingClosuresSample.swift */; };
		C4FEB7A22C3E70970058B9E5 /* ImplicitOpenExistentialsSample.swift in Sources */ = {isa = PBXBuildFile; fileRef = C4FEB7A12C3E70970058B9E5 /* ImplicitOpenExistentialsSample.swift */; };
		C4FEB7A72C3F92F90058B9E5 /* DisableOutwardActorInferenceSample.swift in Sources */ = {isa = PBXBuildFile; fileRef = C4FEB7A62C3F92F90058B9E5 /* DisableOutwardActorInferenceSample.swift */; };
		C4FEB7A92C3FD8470058B9E5 /* GlobalConcurrencySample.swift in Sources */ = {isa = PBXBuildFile; fileRef = C4FEB7A82C3FD8470058B9E5 /* GlobalConcurrencySample.swift */; };
		C4FEB7AB2C3FE1E10058B9E5 /* IsolatedDefaultValuesSample.swift in Sources */ = {isa = PBXBuildFile; fileRef = C4FEB7AA2C3FE1E10058B9E5 /* IsolatedDefaultValuesSample.swift */; };
/* End PBXBuildFile section */

/* Begin PBXContainerItemProxy section */
		C4FEB7962C3E119B0058B9E5 /* PBXContainerItemProxy */ = {
			isa = PBXContainerItemProxy;
			containerPortal = C4FEB74F2C3CF75E0058B9E5 /* Project object */;
			proxyType = 1;
			remoteGlobalIDString = C4FEB7562C3CF75E0058B9E5;
			remoteInfo = UpcomingFeatureFlagsSample;
		};
/* End PBXContainerItemProxy section */

/* Begin PBXFileReference section */
		C44FD1C42C4095EB004AA65F /* UpcomingFeatureFlagsSample-Bridging-Header.h */ = {isa = PBXFileReference; lastKnownFileType = sourcecode.c.h; path = "UpcomingFeatureFlagsSample-Bridging-Header.h"; sourceTree = "<group>"; };
		C44FD1C52C4095EB004AA65F /* ForwardDeclaredSample.m */ = {isa = PBXFileReference; lastKnownFileType = sourcecode.c.objc; path = ForwardDeclaredSample.m; sourceTree = "<group>"; };
		C44FD1C72C409845004AA65F /* ForwardDeclaredSample.h */ = {isa = PBXFileReference; lastKnownFileType = sourcecode.c.h; path = ForwardDeclaredSample.h; sourceTree = "<group>"; };
		C44FD1C82C40989E004AA65F /* ForwardDeclaredSample2.h */ = {isa = PBXFileReference; lastKnownFileType = sourcecode.c.h; path = ForwardDeclaredSample2.h; sourceTree = "<group>"; };
		C44FD1C92C4098A6004AA65F /* ForwardDeclaredSample2.m */ = {isa = PBXFileReference; lastKnownFileType = sourcecode.c.objc; path = ForwardDeclaredSample2.m; sourceTree = "<group>"; };
		C44FD1CB2C409A40004AA65F /* ImportObjcForwardDeclarationsSample.swift */ = {isa = PBXFileReference; lastKnownFileType = sourcecode.swift; path = ImportObjcForwardDeclarationsSample.swift; sourceTree = "<group>"; };
		C4FEB7572C3CF75E0058B9E5 /* UpcomingFeatureFlagsSample.app */ = {isa = PBXFileReference; explicitFileType = wrapper.application; includeInIndex = 0; path = UpcomingFeatureFlagsSample.app; sourceTree = BUILT_PRODUCTS_DIR; };
		C4FEB75A2C3CF75E0058B9E5 /* UpcomingFeatureFlagsSampleApp.swift */ = {isa = PBXFileReference; lastKnownFileType = sourcecode.swift; path = UpcomingFeatureFlagsSampleApp.swift; sourceTree = "<group>"; };
		C4FEB75C2C3CF75E0058B9E5 /* ContentView.swift */ = {isa = PBXFileReference; lastKnownFileType = sourcecode.swift; path = ContentView.swift; sourceTree = "<group>"; };
		C4FEB75E2C3CF75F0058B9E5 /* Assets.xcassets */ = {isa = PBXFileReference; lastKnownFileType = folder.assetcatalog; path = Assets.xcassets; sourceTree = "<group>"; };
		C4FEB7612C3CF75F0058B9E5 /* Preview Assets.xcassets */ = {isa = PBXFileReference; lastKnownFileType = folder.assetcatalog; path = "Preview Assets.xcassets"; sourceTree = "<group>"; };
		C4FEB78A2C3D51910058B9E5 /* ExistentialAnySample.swift */ = {isa = PBXFileReference; lastKnownFileType = sourcecode.swift; path = ExistentialAnySample.swift; sourceTree = "<group>"; };
		C4FEB7922C3E119B0058B9E5 /* UpcomingFeatureFlagsSampleTests.xctest */ = {isa = PBXFileReference; explicitFileType = wrapper.cfbundle; includeInIndex = 0; path = UpcomingFeatureFlagsSampleTests.xctest; sourceTree = BUILT_PRODUCTS_DIR; };
		C4FEB7942C3E119B0058B9E5 /* UpcomingFeatureFlagsSampleTests.swift */ = {isa = PBXFileReference; lastKnownFileType = sourcecode.swift; path = UpcomingFeatureFlagsSampleTests.swift; sourceTree = "<group>"; };
		C4FEB79B2C3E11EA0058B9E5 /* ConciseMagicFileSample.swift */ = {isa = PBXFileReference; lastKnownFileType = sourcecode.swift; path = ConciseMagicFileSample.swift; sourceTree = "<group>"; };
		C4FEB79D2C3E51690058B9E5 /* RegexLiteralsSample.swift */ = {isa = PBXFileReference; lastKnownFileType = sourcecode.swift; path = RegexLiteralsSample.swift; sourceTree = "<group>"; };
		C4FEB79F2C3E5BFF0058B9E5 /* ForwardTrailingClosuresSample.swift */ = {isa = PBXFileReference; lastKnownFileType = sourcecode.swift; path = ForwardTrailingClosuresSample.swift; sourceTree = "<group>"; };
		C4FEB7A12C3E70970058B9E5 /* ImplicitOpenExistentialsSample.swift */ = {isa = PBXFileReference; lastKnownFileType = sourcecode.swift; path = ImplicitOpenExistentialsSample.swift; sourceTree = "<group>"; };
		C4FEB7A62C3F92F90058B9E5 /* DisableOutwardActorInferenceSample.swift */ = {isa = PBXFileReference; lastKnownFileType = sourcecode.swift; path = DisableOutwardActorInferenceSample.swift; sourceTree = "<group>"; };
		C4FEB7A82C3FD8470058B9E5 /* GlobalConcurrencySample.swift */ = {isa = PBXFileReference; lastKnownFileType = sourcecode.swift; path = GlobalConcurrencySample.swift; sourceTree = "<group>"; };
		C4FEB7AA2C3FE1E10058B9E5 /* IsolatedDefaultValuesSample.swift */ = {isa = PBXFileReference; lastKnownFileType = sourcecode.swift; path = IsolatedDefaultValuesSample.swift; sourceTree = "<group>"; };
/* End PBXFileReference section */

/* Begin PBXFrameworksBuildPhase section */
		C4FEB7542C3CF75E0058B9E5 /* Frameworks */ = {
			isa = PBXFrameworksBuildPhase;
			buildActionMask = 2147483647;
			files = (
			);
			runOnlyForDeploymentPostprocessing = 0;
		};
		C4FEB78F2C3E119B0058B9E5 /* Frameworks */ = {
			isa = PBXFrameworksBuildPhase;
			buildActionMask = 2147483647;
			files = (
			);
			runOnlyForDeploymentPostprocessing = 0;
		};
/* End PBXFrameworksBuildPhase section */

/* Begin PBXGroup section */
		C4FEB74E2C3CF75E0058B9E5 = {
			isa = PBXGroup;
			children = (
				C4FEB7592C3CF75E0058B9E5 /* UpcomingFeatureFlagsSample */,
				C4FEB7932C3E119B0058B9E5 /* UpcomingFeatureFlagsSampleTests */,
				C4FEB7582C3CF75E0058B9E5 /* Products */,
			);
			sourceTree = "<group>";
		};
		C4FEB7582C3CF75E0058B9E5 /* Products */ = {
			isa = PBXGroup;
			children = (
				C4FEB7572C3CF75E0058B9E5 /* UpcomingFeatureFlagsSample.app */,
				C4FEB7922C3E119B0058B9E5 /* UpcomingFeatureFlagsSampleTests.xctest */,
			);
			name = Products;
			sourceTree = "<group>";
		};
		C4FEB7592C3CF75E0058B9E5 /* UpcomingFeatureFlagsSample */ = {
			isa = PBXGroup;
			children = (
				C4FEB75A2C3CF75E0058B9E5 /* UpcomingFeatureFlagsSampleApp.swift */,
				C4FEB75C2C3CF75E0058B9E5 /* ContentView.swift */,
				C4FEB78A2C3D51910058B9E5 /* ExistentialAnySample.swift */,
				C4FEB79B2C3E11EA0058B9E5 /* ConciseMagicFileSample.swift */,
				C4FEB79D2C3E51690058B9E5 /* RegexLiteralsSample.swift */,
				C4FEB79F2C3E5BFF0058B9E5 /* ForwardTrailingClosuresSample.swift */,
				C4FEB7A12C3E70970058B9E5 /* ImplicitOpenExistentialsSample.swift */,
				C4FEB7A62C3F92F90058B9E5 /* DisableOutwardActorInferenceSample.swift */,
				C4FEB7A82C3FD8470058B9E5 /* GlobalConcurrencySample.swift */,
				C4FEB7AA2C3FE1E10058B9E5 /* IsolatedDefaultValuesSample.swift */,
				C44FD1CB2C409A40004AA65F /* ImportObjcForwardDeclarationsSample.swift */,
				C44FD1C72C409845004AA65F /* ForwardDeclaredSample.h */,
				C44FD1C52C4095EB004AA65F /* ForwardDeclaredSample.m */,
				C44FD1C82C40989E004AA65F /* ForwardDeclaredSample2.h */,
				C44FD1C92C4098A6004AA65F /* ForwardDeclaredSample2.m */,
				C4FEB75E2C3CF75F0058B9E5 /* Assets.xcassets */,
				C4FEB7602C3CF75F0058B9E5 /* Preview Content */,
				C44FD1C42C4095EB004AA65F /* UpcomingFeatureFlagsSample-Bridging-Header.h */,
			);
			path = UpcomingFeatureFlagsSample;
			sourceTree = "<group>";
		};
		C4FEB7602C3CF75F0058B9E5 /* Preview Content */ = {
			isa = PBXGroup;
			children = (
				C4FEB7612C3CF75F0058B9E5 /* Preview Assets.xcassets */,
			);
			path = "Preview Content";
			sourceTree = "<group>";
		};
		C4FEB7932C3E119B0058B9E5 /* UpcomingFeatureFlagsSampleTests */ = {
			isa = PBXGroup;
			children = (
				C4FEB7942C3E119B0058B9E5 /* UpcomingFeatureFlagsSampleTests.swift */,
			);
			path = UpcomingFeatureFlagsSampleTests;
			sourceTree = "<group>";
		};
/* End PBXGroup section */

/* Begin PBXNativeTarget section */
		C4FEB7562C3CF75E0058B9E5 /* UpcomingFeatureFlagsSample */ = {
			isa = PBXNativeTarget;
			buildConfigurationList = C4FEB7652C3CF75F0058B9E5 /* Build configuration list for PBXNativeTarget "UpcomingFeatureFlagsSample" */;
			buildPhases = (
				C4FEB7532C3CF75E0058B9E5 /* Sources */,
				C4FEB7542C3CF75E0058B9E5 /* Frameworks */,
				C4FEB7552C3CF75E0058B9E5 /* Resources */,
			);
			buildRules = (
			);
			dependencies = (
			);
			name = UpcomingFeatureFlagsSample;
			productName = UpcomingFeatureFlagsSample;
			productReference = C4FEB7572C3CF75E0058B9E5 /* UpcomingFeatureFlagsSample.app */;
			productType = "com.apple.product-type.application";
		};
		C4FEB7912C3E119B0058B9E5 /* UpcomingFeatureFlagsSampleTests */ = {
			isa = PBXNativeTarget;
			buildConfigurationList = C4FEB7982C3E119B0058B9E5 /* Build configuration list for PBXNativeTarget "UpcomingFeatureFlagsSampleTests" */;
			buildPhases = (
				C4FEB78E2C3E119B0058B9E5 /* Sources */,
				C4FEB78F2C3E119B0058B9E5 /* Frameworks */,
				C4FEB7902C3E119B0058B9E5 /* Resources */,
			);
			buildRules = (
			);
			dependencies = (
				C4FEB7972C3E119B0058B9E5 /* PBXTargetDependency */,
			);
			name = UpcomingFeatureFlagsSampleTests;
			productName = UpcomingFeatureFlagsSampleTests;
			productReference = C4FEB7922C3E119B0058B9E5 /* UpcomingFeatureFlagsSampleTests.xctest */;
			productType = "com.apple.product-type.bundle.unit-test";
		};
/* End PBXNativeTarget section */

/* Begin PBXProject section */
		C4FEB74F2C3CF75E0058B9E5 /* Project object */ = {
			isa = PBXProject;
			attributes = {
				BuildIndependentTargetsInParallel = 1;
				LastSwiftUpdateCheck = 1540;
				LastUpgradeCheck = 1540;
				TargetAttributes = {
					C4FEB7562C3CF75E0058B9E5 = {
						CreatedOnToolsVersion = 15.4;
						LastSwiftMigration = 1540;
					};
					C4FEB7912C3E119B0058B9E5 = {
						CreatedOnToolsVersion = 15.4;
						TestTargetID = C4FEB7562C3CF75E0058B9E5;
					};
				};
			};
			buildConfigurationList = C4FEB7522C3CF75E0058B9E5 /* Build configuration list for PBXProject "UpcomingFeatureFlagsSample" */;
			compatibilityVersion = "Xcode 14.0";
			developmentRegion = en;
			hasScannedForEncodings = 0;
			knownRegions = (
				en,
				Base,
			);
			mainGroup = C4FEB74E2C3CF75E0058B9E5;
			productRefGroup = C4FEB7582C3CF75E0058B9E5 /* Products */;
			projectDirPath = "";
			projectRoot = "";
			targets = (
				C4FEB7562C3CF75E0058B9E5 /* UpcomingFeatureFlagsSample */,
				C4FEB7912C3E119B0058B9E5 /* UpcomingFeatureFlagsSampleTests */,
			);
		};
/* End PBXProject section */

/* Begin PBXResourcesBuildPhase section */
		C4FEB7552C3CF75E0058B9E5 /* Resources */ = {
			isa = PBXResourcesBuildPhase;
			buildActionMask = 2147483647;
			files = (
				C4FEB7622C3CF75F0058B9E5 /* Preview Assets.xcassets in Resources */,
				C4FEB75F2C3CF75F0058B9E5 /* Assets.xcassets in Resources */,
			);
			runOnlyForDeploymentPostprocessing = 0;
		};
		C4FEB7902C3E119B0058B9E5 /* Resources */ = {
			isa = PBXResourcesBuildPhase;
			buildActionMask = 2147483647;
			files = (
			);
			runOnlyForDeploymentPostprocessing = 0;
		};
/* End PBXResourcesBuildPhase section */

/* Begin PBXSourcesBuildPhase section */
		C4FEB7532C3CF75E0058B9E5 /* Sources */ = {
			isa = PBXSourcesBuildPhase;
			buildActionMask = 2147483647;
			files = (
				C4FEB7AB2C3FE1E10058B9E5 /* IsolatedDefaultValuesSample.swift in Sources */,
				C4FEB7A92C3FD8470058B9E5 /* GlobalConcurrencySample.swift in Sources */,
				C4FEB78B2C3D51910058B9E5 /* ExistentialAnySample.swift in Sources */,
				C4FEB75D2C3CF75E0058B9E5 /* ContentView.swift in Sources */,
				C44FD1CC2C409A40004AA65F /* ImportObjcForwardDeclarationsSample.swift in Sources */,
				C4FEB79C2C3E11EA0058B9E5 /* ConciseMagicFileSample.swift in Sources */,
				C44FD1C62C4095EB004AA65F /* ForwardDeclaredSample.m in Sources */,
				C4FEB7A72C3F92F90058B9E5 /* DisableOutwardActorInferenceSample.swift in Sources */,
				C4FEB7A02C3E5BFF0058B9E5 /* ForwardTrailingClosuresSample.swift in Sources */,
				C44FD1CA2C4098A6004AA65F /* ForwardDeclaredSample2.m in Sources */,
				C4FEB75B2C3CF75E0058B9E5 /* UpcomingFeatureFlagsSampleApp.swift in Sources */,
				C4FEB7A22C3E70970058B9E5 /* ImplicitOpenExistentialsSample.swift in Sources */,
				C4FEB79E2C3E51690058B9E5 /* RegexLiteralsSample.swift in Sources */,
			);
			runOnlyForDeploymentPostprocessing = 0;
		};
		C4FEB78E2C3E119B0058B9E5 /* Sources */ = {
			isa = PBXSourcesBuildPhase;
			buildActionMask = 2147483647;
			files = (
				C4FEB7952C3E119B0058B9E5 /* UpcomingFeatureFlagsSampleTests.swift in Sources */,
			);
			runOnlyForDeploymentPostprocessing = 0;
		};
/* End PBXSourcesBuildPhase section */

/* Begin PBXTargetDependency section */
		C4FEB7972C3E119B0058B9E5 /* PBXTargetDependency */ = {
			isa = PBXTargetDependency;
			target = C4FEB7562C3CF75E0058B9E5 /* UpcomingFeatureFlagsSample */;
			targetProxy = C4FEB7962C3E119B0058B9E5 /* PBXContainerItemProxy */;
		};
/* End PBXTargetDependency section */

/* Begin XCBuildConfiguration section */
		C4FEB7632C3CF75F0058B9E5 /* Debug */ = {
			isa = XCBuildConfiguration;
			buildSettings = {
				ALWAYS_SEARCH_USER_PATHS = NO;
				ASSETCATALOG_COMPILER_GENERATE_SWIFT_ASSET_SYMBOL_EXTENSIONS = YES;
				CLANG_ANALYZER_NONNULL = YES;
				CLANG_ANALYZER_NUMBER_OBJECT_CONVERSION = YES_AGGRESSIVE;
				CLANG_CXX_LANGUAGE_STANDARD = "gnu++20";
				CLANG_ENABLE_MODULES = YES;
				CLANG_ENABLE_OBJC_ARC = YES;
				CLANG_ENABLE_OBJC_WEAK = YES;
				CLANG_WARN_BLOCK_CAPTURE_AUTORELEASING = YES;
				CLANG_WARN_BOOL_CONVERSION = YES;
				CLANG_WARN_COMMA = YES;
				CLANG_WARN_CONSTANT_CONVERSION = YES;
				CLANG_WARN_DEPRECATED_OBJC_IMPLEMENTATIONS = YES;
				CLANG_WARN_DIRECT_OBJC_ISA_USAGE = YES_ERROR;
				CLANG_WARN_DOCUMENTATION_COMMENTS = YES;
				CLANG_WARN_EMPTY_BODY = YES;
				CLANG_WARN_ENUM_CONVERSION = YES;
				CLANG_WARN_INFINITE_RECURSION = YES;
				CLANG_WARN_INT_CONVERSION = YES;
				CLANG_WARN_NON_LITERAL_NULL_CONVERSION = YES;
				CLANG_WARN_OBJC_IMPLICIT_RETAIN_SELF = YES;
				CLANG_WARN_OBJC_LITERAL_CONVERSION = YES;
				CLANG_WARN_OBJC_ROOT_CLASS = YES_ERROR;
				CLANG_WARN_QUOTED_INCLUDE_IN_FRAMEWORK_HEADER = YES;
				CLANG_WARN_RANGE_LOOP_ANALYSIS = YES;
				CLANG_WARN_STRICT_PROTOTYPES = YES;
				CLANG_WARN_SUSPICIOUS_MOVE = YES;
				CLANG_WARN_UNGUARDED_AVAILABILITY = YES_AGGRESSIVE;
				CLANG_WARN_UNREACHABLE_CODE = YES;
				CLANG_WARN__DUPLICATE_METHOD_MATCH = YES;
				COPY_PHASE_STRIP = NO;
				DEBUG_INFORMATION_FORMAT = dwarf;
				ENABLE_STRICT_OBJC_MSGSEND = YES;
				ENABLE_TESTABILITY = YES;
				ENABLE_USER_SCRIPT_SANDBOXING = YES;
				GCC_C_LANGUAGE_STANDARD = gnu17;
				GCC_DYNAMIC_NO_PIC = NO;
				GCC_NO_COMMON_BLOCKS = YES;
				GCC_OPTIMIZATION_LEVEL = 0;
				GCC_PREPROCESSOR_DEFINITIONS = (
					"DEBUG=1",
					"$(inherited)",
				);
				GCC_WARN_64_TO_32_BIT_CONVERSION = YES;
				GCC_WARN_ABOUT_RETURN_TYPE = YES_ERROR;
				GCC_WARN_UNDECLARED_SELECTOR = YES;
				GCC_WARN_UNINITIALIZED_AUTOS = YES_AGGRESSIVE;
				GCC_WARN_UNUSED_FUNCTION = YES;
				GCC_WARN_UNUSED_VARIABLE = YES;
				IPHONEOS_DEPLOYMENT_TARGET = 17.5;
				LOCALIZATION_PREFERS_STRING_CATALOGS = YES;
				MTL_ENABLE_DEBUG_INFO = INCLUDE_SOURCE;
				MTL_FAST_MATH = YES;
				ONLY_ACTIVE_ARCH = YES;
				SDKROOT = iphoneos;
				SWIFT_ACTIVE_COMPILATION_CONDITIONS = "DEBUG $(inherited)";
				SWIFT_ENABLE_BARE_SLASH_REGEX = NO;
				SWIFT_OPTIMIZATION_LEVEL = "-Onone";
			};
			name = Debug;
		};
		C4FEB7642C3CF75F0058B9E5 /* Release */ = {
			isa = XCBuildConfiguration;
			buildSettings = {
				ALWAYS_SEARCH_USER_PATHS = NO;
				ASSETCATALOG_COMPILER_GENERATE_SWIFT_ASSET_SYMBOL_EXTENSIONS = YES;
				CLANG_ANALYZER_NONNULL = YES;
				CLANG_ANALYZER_NUMBER_OBJECT_CONVERSION = YES_AGGRESSIVE;
				CLANG_CXX_LANGUAGE_STANDARD = "gnu++20";
				CLANG_ENABLE_MODULES = YES;
				CLANG_ENABLE_OBJC_ARC = YES;
				CLANG_ENABLE_OBJC_WEAK = YES;
				CLANG_WARN_BLOCK_CAPTURE_AUTORELEASING = YES;
				CLANG_WARN_BOOL_CONVERSION = YES;
				CLANG_WARN_COMMA = YES;
				CLANG_WARN_CONSTANT_CONVERSION = YES;
				CLANG_WARN_DEPRECATED_OBJC_IMPLEMENTATIONS = YES;
				CLANG_WARN_DIRECT_OBJC_ISA_USAGE = YES_ERROR;
				CLANG_WARN_DOCUMENTATION_COMMENTS = YES;
				CLANG_WARN_EMPTY_BODY = YES;
				CLANG_WARN_ENUM_CONVERSION = YES;
				CLANG_WARN_INFINITE_RECURSION = YES;
				CLANG_WARN_INT_CONVERSION = YES;
				CLANG_WARN_NON_LITERAL_NULL_CONVERSION = YES;
				CLANG_WARN_OBJC_IMPLICIT_RETAIN_SELF = YES;
				CLANG_WARN_OBJC_LITERAL_CONVERSION = YES;
				CLANG_WARN_OBJC_ROOT_CLASS = YES_ERROR;
				CLANG_WARN_QUOTED_INCLUDE_IN_FRAMEWORK_HEADER = YES;
				CLANG_WARN_RANGE_LOOP_ANALYSIS = YES;
				CLANG_WARN_STRICT_PROTOTYPES = YES;
				CLANG_WARN_SUSPICIOUS_MOVE = YES;
				CLANG_WARN_UNGUARDED_AVAILABILITY = YES_AGGRESSIVE;
				CLANG_WARN_UNREACHABLE_CODE = YES;
				CLANG_WARN__DUPLICATE_METHOD_MATCH = YES;
				COPY_PHASE_STRIP = NO;
				DEBUG_INFORMATION_FORMAT = "dwarf-with-dsym";
				ENABLE_NS_ASSERTIONS = NO;
				ENABLE_STRICT_OBJC_MSGSEND = YES;
				ENABLE_USER_SCRIPT_SANDBOXING = YES;
				GCC_C_LANGUAGE_STANDARD = gnu17;
				GCC_NO_COMMON_BLOCKS = YES;
				GCC_WARN_64_TO_32_BIT_CONVERSION = YES;
				GCC_WARN_ABOUT_RETURN_TYPE = YES_ERROR;
				GCC_WARN_UNDECLARED_SELECTOR = YES;
				GCC_WARN_UNINITIALIZED_AUTOS = YES_AGGRESSIVE;
				GCC_WARN_UNUSED_FUNCTION = YES;
				GCC_WARN_UNUSED_VARIABLE = YES;
				IPHONEOS_DEPLOYMENT_TARGET = 17.5;
				LOCALIZATION_PREFERS_STRING_CATALOGS = YES;
				MTL_ENABLE_DEBUG_INFO = NO;
				MTL_FAST_MATH = YES;
				SDKROOT = iphoneos;
				SWIFT_COMPILATION_MODE = wholemodule;
				SWIFT_ENABLE_BARE_SLASH_REGEX = NO;
				VALIDATE_PRODUCT = YES;
			};
			name = Release;
		};
		C4FEB7662C3CF75F0058B9E5 /* Debug */ = {
			isa = XCBuildConfiguration;
			buildSettings = {
				ASSETCATALOG_COMPILER_APPICON_NAME = AppIcon;
				ASSETCATALOG_COMPILER_GLOBAL_ACCENT_COLOR_NAME = AccentColor;
				CLANG_ENABLE_MODULES = YES;
				CODE_SIGN_STYLE = Automatic;
				CURRENT_PROJECT_VERSION = 1;
				DEVELOPMENT_ASSET_PATHS = "\"UpcomingFeatureFlagsSample/Preview Content\"";
				ENABLE_PREVIEWS = YES;
				GENERATE_INFOPLIST_FILE = YES;
				INFOPLIST_KEY_UIApplicationSceneManifest_Generation = YES;
				INFOPLIST_KEY_UIApplicationSupportsIndirectInputEvents = YES;
				INFOPLIST_KEY_UILaunchScreen_Generation = YES;
				INFOPLIST_KEY_UISupportedInterfaceOrientations_iPad = "UIInterfaceOrientationPortrait UIInterfaceOrientationPortraitUpsideDown UIInterfaceOrientationLandscapeLeft UIInterfaceOrientationLandscapeRight";
				INFOPLIST_KEY_UISupportedInterfaceOrientations_iPhone = "UIInterfaceOrientationPortrait UIInterfaceOrientationLandscapeLeft UIInterfaceOrientationLandscapeRight";
				LD_RUNPATH_SEARCH_PATHS = (
					"$(inherited)",
					"@executable_path/Frameworks",
				);
				MARKETING_VERSION = 1.0;
				OTHER_SWIFT_FLAGS = "-enable-upcoming-feature ExistentialAny -enable-upcoming-feature ConciseMagicFile -enable-upcoming-feature BareSlashRegexLiterals -enable-upcoming-feature ForwardTrailingClosures -enable-upcoming-feature DisableOutwardActorInference -enable-upcoming-feature GlobalConcurrency -enable-upcoming-feature IsolatedDefaultValues";
				PRODUCT_BUNDLE_IDENTIFIER = jp.noseda.UpcomingFeatureFlagsSample;
				PRODUCT_NAME = "$(TARGET_NAME)";
				SWIFT_EMIT_LOC_STRINGS = YES;
				SWIFT_OBJC_BRIDGING_HEADER = "UpcomingFeatureFlagsSample/UpcomingFeatureFlagsSample-Bridging-Header.h";
				SWIFT_OPTIMIZATION_LEVEL = "-Onone";
				SWIFT_VERSION = 5.0;
				TARGETED_DEVICE_FAMILY = "1,2";
			};
			name = Debug;
		};
		C4FEB7672C3CF75F0058B9E5 /* Release */ = {
			isa = XCBuildConfiguration;
			buildSettings = {
				ASSETCATALOG_COMPILER_APPICON_NAME = AppIcon;
				ASSETCATALOG_COMPILER_GLOBAL_ACCENT_COLOR_NAME = AccentColor;
				CLANG_ENABLE_MODULES = YES;
				CODE_SIGN_STYLE = Automatic;
				CURRENT_PROJECT_VERSION = 1;
				DEVELOPMENT_ASSET_PATHS = "\"UpcomingFeatureFlagsSample/Preview Content\"";
				ENABLE_PREVIEWS = YES;
				GENERATE_INFOPLIST_FILE = YES;
				INFOPLIST_KEY_UIApplicationSceneManifest_Generation = YES;
				INFOPLIST_KEY_UIApplicationSupportsIndirectInputEvents = YES;
				INFOPLIST_KEY_UILaunchScreen_Generation = YES;
				INFOPLIST_KEY_UISupportedInterfaceOrientations_iPad = "UIInterfaceOrientationPortrait UIInterfaceOrientationPortraitUpsideDown UIInterfaceOrientationLandscapeLeft UIInterfaceOrientationLandscapeRight";
				INFOPLIST_KEY_UISupportedInterfaceOrientations_iPhone = "UIInterfaceOrientationPortrait UIInterfaceOrientationLandscapeLeft UIInterfaceOrientationLandscapeRight";
				LD_RUNPATH_SEARCH_PATHS = (
					"$(inherited)",
					"@executable_path/Frameworks",
				);
				MARKETING_VERSION = 1.0;
				OTHER_SWIFT_FLAGS = "-enable-upcoming-feature ExistentialAny -enable-upcoming-feature ConciseMagicFile -enable-upcoming-feature BareSlashRegexLiterals -enable-upcoming-feature ForwardTrailingClosures -enable-upcoming-feature DisableOutwardActorInference -enable-upcoming-feature GlobalConcurrency -enable-upcoming-feature IsolatedDefaultValues";
				PRODUCT_BUNDLE_IDENTIFIER = jp.noseda.UpcomingFeatureFlagsSample;
				PRODUCT_NAME = "$(TARGET_NAME)";
				SWIFT_EMIT_LOC_STRINGS = YES;
				SWIFT_OBJC_BRIDGING_HEADER = "UpcomingFeatureFlagsSample/UpcomingFeatureFlagsSample-Bridging-Header.h";
				SWIFT_VERSION = 5.0;
				TARGETED_DEVICE_FAMILY = "1,2";
			};
			name = Release;
		};
		C4FEB7992C3E119B0058B9E5 /* Debug */ = {
			isa = XCBuildConfiguration;
			buildSettings = {
				BUNDLE_LOADER = "$(TEST_HOST)";
				CODE_SIGN_STYLE = Automatic;
				CURRENT_PROJECT_VERSION = 1;
				GENERATE_INFOPLIST_FILE = YES;
				MARKETING_VERSION = 1.0;
				OTHER_SWIFT_FLAGS = "-enable-upcoming-feature ConciseMagicFile";
				PRODUCT_BUNDLE_IDENTIFIER = jp.noseda.UpcomingFeatureFlagsSampleTests;
				PRODUCT_NAME = "$(TARGET_NAME)";
				SWIFT_EMIT_LOC_STRINGS = NO;
				SWIFT_VERSION = 5.0;
				TARGETED_DEVICE_FAMILY = "1,2";
				TEST_HOST = "$(BUILT_PRODUCTS_DIR)/UpcomingFeatureFlagsSample.app/$(BUNDLE_EXECUTABLE_FOLDER_PATH)/UpcomingFeatureFlagsSample";
			};
			name = Debug;
		};
		C4FEB79A2C3E119B0058B9E5 /* Release */ = {
			isa = XCBuildConfiguration;
			buildSettings = {
				BUNDLE_LOADER = "$(TEST_HOST)";
				CODE_SIGN_STYLE = Automatic;
				CURRENT_PROJECT_VERSION = 1;
				GENERATE_INFOPLIST_FILE = YES;
				MARKETING_VERSION = 1.0;
				OTHER_SWIFT_FLAGS = "-enable-upcoming-feature ConciseMagicFile";
				PRODUCT_BUNDLE_IDENTIFIER = jp.noseda.UpcomingFeatureFlagsSampleTests;
				PRODUCT_NAME = "$(TARGET_NAME)";
				SWIFT_EMIT_LOC_STRINGS = NO;
				SWIFT_VERSION = 5.0;
				TARGETED_DEVICE_FAMILY = "1,2";
				TEST_HOST = "$(BUILT_PRODUCTS_DIR)/UpcomingFeatureFlagsSample.app/$(BUNDLE_EXECUTABLE_FOLDER_PATH)/UpcomingFeatureFlagsSample";
			};
			name = Release;
		};
/* End XCBuildConfiguration section */

/* Begin XCConfigurationList section */
		C4FEB7522C3CF75E0058B9E5 /* Build configuration list for PBXProject "UpcomingFeatureFlagsSample" */ = {
			isa = XCConfigurationList;
			buildConfigurations = (
				C4FEB7632C3CF75F0058B9E5 /* Debug */,
				C4FEB7642C3CF75F0058B9E5 /* Release */,
			);
			defaultConfigurationIsVisible = 0;
			defaultConfigurationName = Release;
		};
		C4FEB7652C3CF75F0058B9E5 /* Build configuration list for PBXNativeTarget "UpcomingFeatureFlagsSample" */ = {
			isa = XCConfigurationList;
			buildConfigurations = (
				C4FEB7662C3CF75F0058B9E5 /* Debug */,
				C4FEB7672C3CF75F0058B9E5 /* Release */,
			);
			defaultConfigurationIsVisible = 0;
			defaultConfigurationName = Release;
		};
		C4FEB7982C3E119B0058B9E5 /* Build configuration list for PBXNativeTarget "UpcomingFeatureFlagsSampleTests" */ = {
			isa = XCConfigurationList;
			buildConfigurations = (
				C4FEB7992C3E119B0058B9E5 /* Debug */,
				C4FEB79A2C3E119B0058B9E5 /* Release */,
			);
			defaultConfigurationIsVisible = 0;
			defaultConfigurationName = Release;
		};
/* End XCConfigurationList section */
	};
	rootObject = C4FEB74F2C3CF75E0058B9E5 /* Project object */;
}
